// !$*UTF8*$!
{
	archiveVersion = 1;
	classes = {
	};
	objectVersion = 46;
	objects = {

/* Begin PBXBuildFile section */
		BC02E6381C17BD32009AA4F5 /* main.m in Sources */ = {isa = PBXBuildFile; fileRef = BC02E6371C17BD32009AA4F5 /* main.m */; };
		BC02E63B1C17BD32009AA4F5 /* AppDelegate.m in Sources */ = {isa = PBXBuildFile; fileRef = BC02E63A1C17BD32009AA4F5 /* AppDelegate.m */; };
		BC02E63E1C17BD32009AA4F5 /* ViewController.m in Sources */ = {isa = PBXBuildFile; fileRef = BC02E63D1C17BD32009AA4F5 /* ViewController.m */; };
		BC02E6411C17BD32009AA4F5 /* Main.storyboard in Resources */ = {isa = PBXBuildFile; fileRef = BC02E63F1C17BD32009AA4F5 /* Main.storyboard */; };
		BC02E6431C17BD32009AA4F5 /* Assets.xcassets in Resources */ = {isa = PBXBuildFile; fileRef = BC02E6421C17BD32009AA4F5 /* Assets.xcassets */; };
		BC02E6461C17BD32009AA4F5 /* LaunchScreen.storyboard in Resources */ = {isa = PBXBuildFile; fileRef = BC02E6441C17BD32009AA4F5 /* LaunchScreen.storyboard */; };
		BC02E6511C17BD32009AA4F5 /* GitTextTests.m in Sources */ = {isa = PBXBuildFile; fileRef = BC02E6501C17BD32009AA4F5 /* GitTextTests.m */; };
		BC02E65C1C17BD32009AA4F5 /* GitTextUITests.m in Sources */ = {isa = PBXBuildFile; fileRef = BC02E65B1C17BD32009AA4F5 /* GitTextUITests.m */; };
/* End PBXBuildFile section */

/* Begin PBXContainerItemProxy section */
		BC02E64D1C17BD32009AA4F5 /* PBXContainerItemProxy */ = {
			isa = PBXContainerItemProxy;
			containerPortal = BC02E62B1C17BD32009AA4F5 /* Project object */;
			proxyType = 1;
			remoteGlobalIDString = BC02E6321C17BD32009AA4F5;
			remoteInfo = GitText;
		};
		BC02E6581C17BD32009AA4F5 /* PBXContainerItemProxy */ = {
			isa = PBXContainerItemProxy;
			containerPortal = BC02E62B1C17BD32009AA4F5 /* Project object */;
			proxyType = 1;
			remoteGlobalIDString = BC02E6321C17BD32009AA4F5;
			remoteInfo = GitText;
		};
/* End PBXContainerItemProxy section */

/* Begin PBXFileReference section */
		BC02E6331C17BD32009AA4F5 /* GitText.app */ = {isa = PBXFileReference; explicitFileType = wrapper.application; includeInIndex = 0; path = GitText.app; sourceTree = BUILT_PRODUCTS_DIR; };
		BC02E6371C17BD32009AA4F5 /* main.m */ = {isa = PBXFileReference; lastKnownFileType = sourcecode.c.objc; path = main.m; sourceTree = "<group>"; };
		BC02E6391C17BD32009AA4F5 /* AppDelegate.h */ = {isa = PBXFileReference; lastKnownFileType = sourcecode.c.h; path = AppDelegate.h; sourceTree = "<group>"; };
		BC02E63A1C17BD32009AA4F5 /* AppDelegate.m */ = {isa = PBXFileReference; lastKnownFileType = sourcecode.c.objc; path = AppDelegate.m; sourceTree = "<group>"; };
		BC02E63C1C17BD32009AA4F5 /* ViewController.h */ = {isa = PBXFileReference; lastKnownFileType = sourcecode.c.h; path = ViewController.h; sourceTree = "<group>"; };
		BC02E63D1C17BD32009AA4F5 /* ViewController.m */ = {isa = PBXFileReference; lastKnownFileType = sourcecode.c.objc; path = ViewController.m; sourceTree = "<group>"; };
		BC02E6401C17BD32009AA4F5 /* Base */ = {isa = PBXFileReference; lastKnownFileType = file.storyboard; name = Base; path = Base.lproj/Main.storyboard; sourceTree = "<group>"; };
		BC02E6421C17BD32009AA4F5 /* Assets.xcassets */ = {isa = PBXFileReference; lastKnownFileType = folder.assetcatalog; path = Assets.xcassets; sourceTree = "<group>"; };
		BC02E6451C17BD32009AA4F5 /* Base */ = {isa = PBXFileReference; lastKnownFileType = file.storyboard; name = Base; path = Base.lproj/LaunchScreen.storyboard; sourceTree = "<group>"; };
		BC02E6471C17BD32009AA4F5 /* Info.plist */ = {isa = PBXFileReference; lastKnownFileType = text.plist.xml; path = Info.plist; sourceTree = "<group>"; };
		BC02E64C1C17BD32009AA4F5 /* GitTextTests.xctest */ = {isa = PBXFileReference; explicitFileType = wrapper.cfbundle; includeInIndex = 0; path = GitTextTests.xctest; sourceTree = BUILT_PRODUCTS_DIR; };
		BC02E6501C17BD32009AA4F5 /* GitTextTests.m */ = {isa = PBXFileReference; lastKnownFileType = sourcecode.c.objc; path = GitTextTests.m; sourceTree = "<group>"; };
		BC02E6521C17BD32009AA4F5 /* Info.plist */ = {isa = PBXFileReference; lastKnownFileType = text.plist.xml; path = Info.plist; sourceTree = "<group>"; };
		BC02E6571C17BD32009AA4F5 /* GitTextUITests.xctest */ = {isa = PBXFileReference; explicitFileType = wrapper.cfbundle; includeInIndex = 0; path = GitTextUITests.xctest; sourceTree = BUILT_PRODUCTS_DIR; };
		BC02E65B1C17BD32009AA4F5 /* GitTextUITests.m */ = {isa = PBXFileReference; lastKnownFileType = sourcecode.c.objc; path = GitTextUITests.m; sourceTree = "<group>"; };
		BC02E65D1C17BD32009AA4F5 /* Info.plist */ = {isa = PBXFileReference; lastKnownFileType = text.plist.xml; path = Info.plist; sourceTree = "<group>"; };
/* End PBXFileReference section */

/* Begin PBXFrameworksBuildPhase section */
		BC02E6301C17BD32009AA4F5 /* Frameworks */ = {
			isa = PBXFrameworksBuildPhase;
			buildActionMask = 2147483647;
			files = (
			);
			runOnlyForDeploymentPostprocessing = 0;
		};
		BC02E6491C17BD32009AA4F5 /* Frameworks */ = {
			isa = PBXFrameworksBuildPhase;
			buildActionMask = 2147483647;
			files = (
			);
			runOnlyForDeploymentPostprocessing = 0;
		};
		BC02E6541C17BD32009AA4F5 /* Frameworks */ = {
			isa = PBXFrameworksBuildPhase;
			buildActionMask = 2147483647;
			files = (
			);
			runOnlyForDeploymentPostprocessing = 0;
		};
/* End PBXFrameworksBuildPhase section */

/* Begin PBXGroup section */
		BC02E62A1C17BD32009AA4F5 = {
			isa = PBXGroup;
			children = (
				BC02E6351C17BD32009AA4F5 /* GitText */,
				BC02E64F1C17BD32009AA4F5 /* GitTextTests */,
				BC02E65A1C17BD32009AA4F5 /* GitTextUITests */,
				BC02E6341C17BD32009AA4F5 /* Products */,
			);
			sourceTree = "<group>";
		};
		BC02E6341C17BD32009AA4F5 /* Products */ = {
			isa = PBXGroup;
			children = (
				BC02E6331C17BD32009AA4F5 /* GitText.app */,
				BC02E64C1C17BD32009AA4F5 /* GitTextTests.xctest */,
				BC02E6571C17BD32009AA4F5 /* GitTextUITests.xctest */,
			);
			name = Products;
			sourceTree = "<group>";
		};
		BC02E6351C17BD32009AA4F5 /* GitText */ = {
			isa = PBXGroup;
			children = (
				BC02E6391C17BD32009AA4F5 /* AppDelegate.h */,
				BC02E63A1C17BD32009AA4F5 /* AppDelegate.m */,
				BC02E63C1C17BD32009AA4F5 /* ViewController.h */,
				BC02E63D1C17BD32009AA4F5 /* ViewController.m */,
				BC02E63F1C17BD32009AA4F5 /* Main.storyboard */,
				BC02E6421C17BD32009AA4F5 /* Assets.xcassets */,
				BC02E6441C17BD32009AA4F5 /* LaunchScreen.storyboard */,
				BC02E6471C17BD32009AA4F5 /* Info.plist */,
				BC02E6361C17BD32009AA4F5 /* Supporting Files */,
			);
			path = GitText;
			sourceTree = "<group>";
		};
		BC02E6361C17BD32009AA4F5 /* Supporting Files */ = {
			isa = PBXGroup;
			children = (
				BC02E6371C17BD32009AA4F5 /* main.m */,
			);
			name = "Supporting Files";
			sourceTree = "<group>";
		};
		BC02E64F1C17BD32009AA4F5 /* GitTextTests */ = {
			isa = PBXGroup;
			children = (
				BC02E6501C17BD32009AA4F5 /* GitTextTests.m */,
				BC02E6521C17BD32009AA4F5 /* Info.plist */,
			);
			path = GitTextTests;
			sourceTree = "<group>";
		};
		BC02E65A1C17BD32009AA4F5 /* GitTextUITests */ = {
			isa = PBXGroup;
			children = (
				BC02E65B1C17BD32009AA4F5 /* GitTextUITests.m */,
				BC02E65D1C17BD32009AA4F5 /* Info.plist */,
			);
			path = GitTextUITests;
			sourceTree = "<group>";
		};
/* End PBXGroup section */

/* Begin PBXNativeTarget section */
		BC02E6321C17BD32009AA4F5 /* GitText */ = {
			isa = PBXNativeTarget;
			buildConfigurationList = BC02E6601C17BD32009AA4F5 /* Build configuration list for PBXNativeTarget "GitText" */;
			buildPhases = (
				BC02E62F1C17BD32009AA4F5 /* Sources */,
				BC02E6301C17BD32009AA4F5 /* Frameworks */,
				BC02E6311C17BD32009AA4F5 /* Resources */,
			);
			buildRules = (
			);
			dependencies = (
			);
			name = GitText;
			productName = GitText;
			productReference = BC02E6331C17BD32009AA4F5 /* GitText.app */;
			productType = "com.apple.product-type.application";
		};
		BC02E64B1C17BD32009AA4F5 /* GitTextTests */ = {
			isa = PBXNativeTarget;
			buildConfigurationList = BC02E6631C17BD32009AA4F5 /* Build configuration list for PBXNativeTarget "GitTextTests" */;
			buildPhases = (
				BC02E6481C17BD32009AA4F5 /* Sources */,
				BC02E6491C17BD32009AA4F5 /* Frameworks */,
				BC02E64A1C17BD32009AA4F5 /* Resources */,
			);
			buildRules = (
			);
			dependencies = (
				BC02E64E1C17BD32009AA4F5 /* PBXTargetDependency */,
			);
			name = GitTextTests;
			productName = GitTextTests;
			productReference = BC02E64C1C17BD32009AA4F5 /* GitTextTests.xctest */;
			productType = "com.apple.product-type.bundle.unit-test";
		};
		BC02E6561C17BD32009AA4F5 /* GitTextUITests */ = {
			isa = PBXNativeTarget;
			buildConfigurationList = BC02E6661C17BD32009AA4F5 /* Build configuration list for PBXNativeTarget "GitTextUITests" */;
			buildPhases = (
				BC02E6531C17BD32009AA4F5 /* Sources */,
				BC02E6541C17BD32009AA4F5 /* Frameworks */,
				BC02E6551C17BD32009AA4F5 /* Resources */,
			);
			buildRules = (
			);
			dependencies = (
				BC02E6591C17BD32009AA4F5 /* PBXTargetDependency */,
			);
			name = GitTextUITests;
			productName = GitTextUITests;
			productReference = BC02E6571C17BD32009AA4F5 /* GitTextUITests.xctest */;
			productType = "com.apple.product-type.bundle.ui-testing";
		};
/* End PBXNativeTarget section */

/* Begin PBXProject section */
		BC02E62B1C17BD32009AA4F5 /* Project object */ = {
			isa = PBXProject;
			attributes = {
				LastUpgradeCheck = 0710;
				ORGANIZATIONNAME = qianfeng;
				TargetAttributes = {
					BC02E6321C17BD32009AA4F5 = {
						CreatedOnToolsVersion = 7.1;
					};
					BC02E64B1C17BD32009AA4F5 = {
						CreatedOnToolsVersion = 7.1;
						TestTargetID = BC02E6321C17BD32009AA4F5;
					};
					BC02E6561C17BD32009AA4F5 = {
						CreatedOnToolsVersion = 7.1;
						TestTargetID = BC02E6321C17BD32009AA4F5;
					};
				};
			};
			buildConfigurationList = BC02E62E1C17BD32009AA4F5 /* Build configuration list for PBXProject "GitText" */;
			compatibilityVersion = "Xcode 3.2";
			developmentRegion = English;
			hasScannedForEncodings = 0;
			knownRegions = (
				en,
				Base,
			);
			mainGroup = BC02E62A1C17BD32009AA4F5;
			productRefGroup = BC02E6341C17BD32009AA4F5 /* Products */;
			projectDirPath = "";
			projectRoot = "";
			targets = (
				BC02E6321C17BD32009AA4F5 /* GitText */,
				BC02E64B1C17BD32009AA4F5 /* GitTextTests */,
				BC02E6561C17BD32009AA4F5 /* GitTextUITests */,
			);
		};
/* End PBXProject section */

/* Begin PBXResourcesBuildPhase section */
		BC02E6311C17BD32009AA4F5 /* Resources */ = {
			isa = PBXResourcesBuildPhase;
			buildActionMask = 2147483647;
			files = (
				BC02E6461C17BD32009AA4F5 /* LaunchScreen.storyboard in Resources */,
				BC02E6431C17BD32009AA4F5 /* Assets.xcassets in Resources */,
				BC02E6411C17BD32009AA4F5 /* Main.storyboard in Resources */,
			);
			runOnlyForDeploymentPostprocessing = 0;
		};
		BC02E64A1C17BD32009AA4F5 /* Resources */ = {
			isa = PBXResourcesBuildPhase;
			buildActionMask = 2147483647;
			files = (
			);
			runOnlyForDeploymentPostprocessing = 0;
		};
		BC02E6551C17BD32009AA4F5 /* Resources */ = {
			isa = PBXResourcesBuildPhase;
			buildActionMask = 2147483647;
			files = (
			);
			runOnlyForDeploymentPostprocessing = 0;
		};
/* End PBXResourcesBuildPhase section */

/* Begin PBXSourcesBuildPhase section */
		BC02E62F1C17BD32009AA4F5 /* Sources */ = {
			isa = PBXSourcesBuildPhase;
			buildActionMask = 2147483647;
			files = (
				BC02E63E1C17BD32009AA4F5 /* ViewController.m in Sources */,
				BC02E63B1C17BD32009AA4F5 /* AppDelegate.m in Sources */,
				BC02E6381C17BD32009AA4F5 /* main.m in Sources */,
			);
			runOnlyForDeploymentPostprocessing = 0;
		};
		BC02E6481C17BD32009AA4F5 /* Sources */ = {
			isa = PBXSourcesBuildPhase;
			buildActionMask = 2147483647;
			files = (
				BC02E6511C17BD32009AA4F5 /* GitTextTests.m in Sources */,
			);
			runOnlyForDeploymentPostprocessing = 0;
		};
		BC02E6531C17BD32009AA4F5 /* Sources */ = {
			isa = PBXSourcesBuildPhase;
			buildActionMask = 2147483647;
			files = (
				BC02E65C1C17BD32009AA4F5 /* GitTextUITests.m in Sources */,
			);
			runOnlyForDeploymentPostprocessing = 0;
		};
/* End PBXSourcesBuildPhase section */

/* Begin PBXTargetDependency section */
		BC02E64E1C17BD32009AA4F5 /* PBXTargetDependency */ = {
			isa = PBXTargetDependency;
			target = BC02E6321C17BD32009AA4F5 /* GitText */;
			targetProxy = BC02E64D1C17BD32009AA4F5 /* PBXContainerItemProxy */;
		};
		BC02E6591C17BD32009AA4F5 /* PBXTargetDependency */ = {
			isa = PBXTargetDependency;
			target = BC02E6321C17BD32009AA4F5 /* GitText */;
			targetProxy = BC02E6581C17BD32009AA4F5 /* PBXContainerItemProxy */;
		};
/* End PBXTargetDependency section */

/* Begin PBXVariantGroup section */
		BC02E63F1C17BD32009AA4F5 /* Main.storyboard */ = {
			isa = PBXVariantGroup;
			children = (
				BC02E6401C17BD32009AA4F5 /* Base */,
			);
			name = Main.storyboard;
			sourceTree = "<group>";
		};
		BC02E6441C17BD32009AA4F5 /* LaunchScreen.storyboard */ = {
			isa = PBXVariantGroup;
			children = (
				BC02E6451C17BD32009AA4F5 /* Base */,
			);
			name = LaunchScreen.storyboard;
			sourceTree = "<group>";
		};
/* End PBXVariantGroup section */

/* Begin XCBuildConfiguration section */
		BC02E65E1C17BD32009AA4F5 /* Debug */ = {
			isa = XCBuildConfiguration;
			buildSettings = {
				ALWAYS_SEARCH_USER_PATHS = NO;
				CLANG_CXX_LANGUAGE_STANDARD = "gnu++0x";
				CLANG_CXX_LIBRARY = "libc++";
				CLANG_ENABLE_MODULES = YES;
				CLANG_ENABLE_OBJC_ARC = YES;
				CLANG_WARN_BOOL_CONVERSION = YES;
				CLANG_WARN_CONSTANT_CONVERSION = YES;
				CLANG_WARN_DIRECT_OBJC_ISA_USAGE = YES_ERROR;
				CLANG_WARN_EMPTY_BODY = YES;
				CLANG_WARN_ENUM_CONVERSION = YES;
				CLANG_WARN_INT_CONVERSION = YES;
				CLANG_WARN_OBJC_ROOT_CLASS = YES_ERROR;
				CLANG_WARN_UNREACHABLE_CODE = YES;
				CLANG_WARN__DUPLICATE_METHOD_MATCH = YES;
				"CODE_SIGN_IDENTITY[sdk=iphoneos*]" = "iPhone Developer";
				COPY_PHASE_STRIP = NO;
				DEBUG_INFORMATION_FORMAT = dwarf;
				ENABLE_STRICT_OBJC_MSGSEND = YES;
				ENABLE_TESTABILITY = YES;
				GCC_C_LANGUAGE_STANDARD = gnu99;
				GCC_DYNAMIC_NO_PIC = NO;
				GCC_NO_COMMON_BLOCKS = YES;
				GCC_OPTIMIZATION_LEVEL = 0;
				GCC_PREPROCESSOR_DEFINITIONS = (
					"DEBUG=1",
					"$(inherited)",
				);
				GCC_WARN_64_TO_32_BIT_CONVERSION = YES;
				GCC_WARN_ABOUT_RETURN_TYPE = YES_ERROR;
				GCC_WARN_UNDECLARED_SELECTOR = YES;
				GCC_WARN_UNINITIALIZED_AUTOS = YES_AGGRESSIVE;
				GCC_WARN_UNUSED_FUNCTION = YES;
				GCC_WARN_UNUSED_VARIABLE = YES;
				IPHONEOS_DEPLOYMENT_TARGET = 9.1;
				MTL_ENABLE_DEBUG_INFO = YES;
				ONLY_ACTIVE_ARCH = YES;
				SDKROOT = iphoneos;
			};
			name = Debug;
		};
		BC02E65F1C17BD32009AA4F5 /* Release */ = {
			isa = XCBuildConfiguration;
			buildSettings = {
				ALWAYS_SEARCH_USER_PATHS = NO;
				CLANG_CXX_LANGUAGE_STANDARD = "gnu++0x";
				CLANG_CXX_LIBRARY = "libc++";
				CLANG_ENABLE_MODULES = YES;
				CLANG_ENABLE_OBJC_ARC = YES;
				CLANG_WARN_BOOL_CONVERSION = YES;
				CLANG_WARN_CONSTANT_CONVERSION = YES;
				CLANG_WARN_DIRECT_OBJC_ISA_USAGE = YES_ERROR;
				CLANG_WARN_EMPTY_BODY = YES;
				CLANG_WARN_ENUM_CONVERSION = YES;
				CLANG_WARN_INT_CONVERSION = YES;
				CLANG_WARN_OBJC_ROOT_CLASS = YES_ERROR;
				CLANG_WARN_UNREACHABLE_CODE = YES;
				CLANG_WARN__DUPLICATE_METHOD_MATCH = YES;
				"CODE_SIGN_IDENTITY[sdk=iphoneos*]" = "iPhone Developer";
				COPY_PHASE_STRIP = NO;
				DEBUG_INFORMATION_FORMAT = "dwarf-with-dsym";
				ENABLE_NS_ASSERTIONS = NO;
				ENABLE_STRICT_OBJC_MSGSEND = YES;
				GCC_C_LANGUAGE_STANDARD = gnu99;
				GCC_NO_COMMON_BLOCKS = YES;
				GCC_WARN_64_TO_32_BIT_CONVERSION = YES;
				GCC_WARN_ABOUT_RETURN_TYPE = YES_ERROR;
				GCC_WARN_UNDECLARED_SELECTOR = YES;
				GCC_WARN_UNINITIALIZED_AUTOS = YES_AGGRESSIVE;
				GCC_WARN_UNUSED_FUNCTION = YES;
				GCC_WARN_UNUSED_VARIABLE = YES;
				IPHONEOS_DEPLOYMENT_TARGET = 9.1;
				MTL_ENABLE_DEBUG_INFO = NO;
				SDKROOT = iphoneos;
				VALIDATE_PRODUCT = YES;
			};
			name = Release;
		};
		BC02E6611C17BD32009AA4F5 /* Debug */ = {
			isa = XCBuildConfiguration;
			buildSettings = {
				ASSETCATALOG_COMPILER_APPICON_NAME = AppIcon;
				INFOPLIST_FILE = GitText/Info.plist;
				LD_RUNPATH_SEARCH_PATHS = "$(inherited) @executable_path/Frameworks";
				PRODUCT_BUNDLE_IDENTIFIER = "DNF-company.GitText";
				PRODUCT_NAME = "$(TARGET_NAME)";
			};
			name = Debug;
		};
		BC02E6621C17BD32009AA4F5 /* Release */ = {
			isa = XCBuildConfiguration;
			buildSettings = {
				ASSETCATALOG_COMPILER_APPICON_NAME = AppIcon;
				INFOPLIST_FILE = GitText/Info.plist;
				LD_RUNPATH_SEARCH_PATHS = "$(inherited) @executable_path/Frameworks";
				PRODUCT_BUNDLE_IDENTIFIER = "DNF-company.GitText";
				PRODUCT_NAME = "$(TARGET_NAME)";
			};
			name = Release;
		};
		BC02E6641C17BD32009AA4F5 /* Debug */ = {
			isa = XCBuildConfiguration;
			buildSettings = {
				BUNDLE_LOADER = "$(TEST_HOST)";
				INFOPLIST_FILE = GitTextTests/Info.plist;
				LD_RUNPATH_SEARCH_PATHS = "$(inherited) @executable_path/Frameworks @loader_path/Frameworks";
				PRODUCT_BUNDLE_IDENTIFIER = "DNF-company.GitTextTests";
				PRODUCT_NAME = "$(TARGET_NAME)";
				TEST_HOST = "$(BUILT_PRODUCTS_DIR)/GitText.app/GitText";
			};
			name = Debug;
		};
		BC02E6651C17BD32009AA4F5 /* Release */ = {
			isa = XCBuildConfiguration;
			buildSettings = {
				BUNDLE_LOADER = "$(TEST_HOST)";
				INFOPLIST_FILE = GitTextTests/Info.plist;
				LD_RUNPATH_SEARCH_PATHS = "$(inherited) @executable_path/Frameworks @loader_path/Frameworks";
				PRODUCT_BUNDLE_IDENTIFIER = "DNF-company.GitTextTests";
				PRODUCT_NAME = "$(TARGET_NAME)";
				TEST_HOST = "$(BUILT_PRODUCTS_DIR)/GitText.app/GitText";
			};
			name = Release;
		};
		BC02E6671C17BD32009AA4F5 /* Debug */ = {
			isa = XCBuildConfiguration;
			buildSettings = {
				INFOPLIST_FILE = GitTextUITests/Info.plist;
				LD_RUNPATH_SEARCH_PATHS = "$(inherited) @executable_path/Frameworks @loader_path/Frameworks";
				PRODUCT_BUNDLE_IDENTIFIER = "DNF-company.GitTextUITests";
				PRODUCT_NAME = "$(TARGET_NAME)";
				TEST_TARGET_NAME = GitText;
				USES_XCTRUNNER = YES;
			};
			name = Debug;
		};
		BC02E6681C17BD32009AA4F5 /* Release */ = {
			isa = XCBuildConfiguration;
			buildSettings = {
				INFOPLIST_FILE = GitTextUITests/Info.plist;
				LD_RUNPATH_SEARCH_PATHS = "$(inherited) @executable_path/Frameworks @loader_path/Frameworks";
				PRODUCT_BUNDLE_IDENTIFIER = "DNF-company.GitTextUITests";
				PRODUCT_NAME = "$(TARGET_NAME)";
				TEST_TARGET_NAME = GitText;
				USES_XCTRUNNER = YES;
			};
			name = Release;
		};
/* End XCBuildConfiguration section */

/* Begin XCConfigurationList section */
		BC02E62E1C17BD32009AA4F5 /* Build configuration list for PBXProject "GitText" */ = {
			isa = XCConfigurationList;
			buildConfigurations = (
				BC02E65E1C17BD32009AA4F5 /* Debug */,
				BC02E65F1C17BD32009AA4F5 /* Release */,
			);
			defaultConfigurationIsVisible = 0;
			defaultConfigurationName = Release;
		};
		BC02E6601C17BD32009AA4F5 /* Build configuration list for PBXNativeTarget "GitText" */ = {
			isa = XCConfigurationList;
			buildConfigurations = (
				BC02E6611C17BD32009AA4F5 /* Debug */,
				BC02E6621C17BD32009AA4F5 /* Release */,
			);
			defaultConfigurationIsVisible = 0;
		};
		BC02E6631C17BD32009AA4F5 /* Build configuration list for PBXNativeTarget "GitTextTests" */ = {
			isa = XCConfigurationList;
			buildConfigurations = (
				BC02E6641C17BD32009AA4F5 /* Debug */,
				BC02E6651C17BD32009AA4F5 /* Release */,
			);
			defaultConfigurationIsVisible = 0;
		};
		BC02E6661C17BD32009AA4F5 /* Build configuration list for PBXNativeTarget "GitTextUITests" */ = {
			isa = XCConfigurationList;
			buildConfigurations = (
				BC02E6671C17BD32009AA4F5 /* Debug */,
				BC02E6681C17BD32009AA4F5 /* Release */,
			);
			defaultConfigurationIsVisible = 0;
		};
/* End XCConfigurationList section */
	};
	rootObject = BC02E62B1C17BD32009AA4F5 /* Project object */;
}
